
Microsoft Visual Studio Solution File, Format Version 11.00
# Visual Studio 2010
Project("{FAE04EC0-301F-11D3-BF4B-00C04F79EFBC}") = "Unity.Timeline", "Unity.Timeline.csproj", "{25eeaa86-1ed0-d965-a608-72a1b60cf8d5}"
EndProject
Project("{FAE04EC0-301F-11D3-BF4B-00C04F79EFBC}") = "Unity.ShaderGraph.Editor", "Unity.ShaderGraph.Editor.csproj", "{5b43d2d2-be93-59b4-ef29-9d87d01075c9}"
EndProject
Project("{FAE04EC0-301F-11D3-BF4B-00C04F79EFBC}") = "Unity.Services.Core.Internal", "Unity.Services.Core.Internal.csproj", "{d1943763-c882-7836-faa2-98dc529e37f3}"
EndProject
Project("{FAE04EC0-301F-11D3-BF4B-00C04F79EFBC}") = "Unity.VisualScripting.Flow", "Unity.VisualScripting.Flow.csproj", "{70e16fe0-1b17-1b74-6fe1-1efd5e4f5315}"
EndProject
Project("{FAE04EC0-301F-11D3-BF4B-00C04F79EFBC}") = "Unity.RenderPipelines.Universal.Runtime", "Unity.RenderPipelines.Universal.Runtime.csproj", "{fcd7e787-5e5d-894e-046d-c092d8950109}"
EndProject
Project("{FAE04EC0-301F-11D3-BF4B-00C04F79EFBC}") = "UnityEditor.UI", "UnityEditor.UI.csproj", "{f19ee61d-ef41-d29a-575a-fbfecce539c3}"
EndProject
Project("{FAE04EC0-301F-11D3-BF4B-00C04F79EFBC}") = "Unity.Timeline.Editor", "Unity.Timeline.Editor.csproj", "{3f94102a-8e44-6f70-7b9a-3e7901cb14e2}"
EndProject
Project("{FAE04EC0-301F-11D3-BF4B-00C04F79EFBC}") = "Unity.PlasticSCM.Editor", "Unity.PlasticSCM.Editor.csproj", "{8877800b-5199-8f43-f592-cdb72f33370c}"
EndProject
Project("{FAE04EC0-301F-11D3-BF4B-00C04F79EFBC}") = "Unity.RenderPipelines.Core.Runtime", "Unity.RenderPipelines.Core.Runtime.csproj", "{13dcfdc4-58ba-a6ef-23aa-e6d252b5a449}"
EndProject
Project("{FAE04EC0-301F-11D3-BF4B-00C04F79EFBC}") = "Unity.Mathematics", "Unity.Mathematics.csproj", "{72ca46ae-4fed-f3fd-b128-4952ad0b598a}"
EndProject
Project("{FAE04EC0-301F-11D3-BF4B-00C04F79EFBC}") = "Unity.RenderPipelines.Core.Editor", "Unity.RenderPipelines.Core.Editor.csproj", "{63e48dd4-0add-9a76-d357-766e8f2a4b68}"
EndProject
Project("{FAE04EC0-301F-11D3-BF4B-00C04F79EFBC}") = "Unity.2D.Common.Path.Editor", "Unity.2D.Common.Path.Editor.csproj", "{f1404a70-542c-0542-d04c-0142c51211e4}"
EndProject
Project("{FAE04EC0-301F-11D3-BF4B-00C04F79EFBC}") = "Unity.2D.Psdimporter.Editor", "Unity.2D.Psdimporter.Editor.csproj", "{0af0e76d-6187-04c6-594a-443e0398b008}"
EndProject
Project("{FAE04EC0-301F-11D3-BF4B-00C04F79EFBC}") = "Unity.VisualScripting.Core.Editor", "Unity.VisualScripting.Core.Editor.csproj", "{f53910cd-3694-fc1c-49fe-ef9abe405e34}"
EndProject
Project("{FAE04EC0-301F-11D3-BF4B-00C04F79EFBC}") = "Unity.2D.IK.Runtime", "Unity.2D.IK.Runtime.csproj", "{7798a67f-b7f8-2325-72ef-ca35648532d6}"
EndProject
Project("{FAE04EC0-301F-11D3-BF4B-00C04F79EFBC}") = "UnityEditor.TestRunner", "UnityEditor.TestRunner.csproj", "{8b508ba6-7e0c-854b-a007-f968b541256e}"
EndProject
Project("{FAE04EC0-301F-11D3-BF4B-00C04F79EFBC}") = "Unity.RenderPipelines.Universal.Editor", "Unity.RenderPipelines.Universal.Editor.csproj", "{668c746a-9f5b-ca90-b54f-cb77a6f886f0}"
EndProject
Project("{FAE04EC0-301F-11D3-BF4B-00C04F79EFBC}") = "Unity.TextMeshPro.Editor", "Unity.TextMeshPro.Editor.csproj", "{b4d5c4fc-14c4-345f-4f88-054da0ef0d00}"
EndProject
Project("{FAE04EC0-301F-11D3-BF4B-00C04F79EFBC}") = "UnityEngine.TestRunner", "UnityEngine.TestRunner.csproj", "{0d2285a5-0f06-ef4d-63a9-902682defdbf}"
EndProject
Project("{FAE04EC0-301F-11D3-BF4B-00C04F79EFBC}") = "Unity.VisualScripting.Core", "Unity.VisualScripting.Core.csproj", "{a3189e5b-928f-f76c-83c9-e1081fe939c2}"
EndProject
Project("{FAE04EC0-301F-11D3-BF4B-00C04F79EFBC}") = "Unity.2D.Tilemap.Editor", "Unity.2D.Tilemap.Editor.csproj", "{f43947f5-c093-dbae-442a-71f5028a8be3}"
EndProject
Project("{FAE04EC0-301F-11D3-BF4B-00C04F79EFBC}") = "Unity.CollabProxy.Editor", "Unity.CollabProxy.Editor.csproj", "{f8d31d87-9c46-a503-a7c1-c1978f3b253d}"
EndProject
Project("{FAE04EC0-301F-11D3-BF4B-00C04F79EFBC}") = "Unity.Searcher.Editor", "Unity.Searcher.Editor.csproj", "{ae33c23a-cc6f-b218-abd8-5e0c24969ee1}"
EndProject
Project("{FAE04EC0-301F-11D3-BF4B-00C04F79EFBC}") = "Unity.Burst", "Unity.Burst.csproj", "{3ba5219b-a906-2ac8-b475-05276b5ca425}"
EndProject
Project("{FAE04EC0-301F-11D3-BF4B-00C04F79EFBC}") = "PsdPlugin", "PsdPlugin.csproj", "{a1428186-18d1-a6b4-f6c9-0efd45ed1cf8}"
EndProject
Project("{FAE04EC0-301F-11D3-BF4B-00C04F79EFBC}") = "Unity.VisualScripting.Flow.Editor", "Unity.VisualScripting.Flow.Editor.csproj", "{9bd176da-53c3-2d26-f3fc-2ad7497aeeac}"
EndProject
Project("{FAE04EC0-301F-11D3-BF4B-00C04F79EFBC}") = "Unity.AI.Navigation.Editor", "Unity.AI.Navigation.Editor.csproj", "{1fb03de7-8c34-7eff-9b29-bc6d7aee9968}"
EndProject
Project("{FAE04EC0-301F-11D3-BF4B-00C04F79EFBC}") = "Unity.Collections", "Unity.Collections.csproj", "{eb174be1-de67-75ae-3aac-f81f17191d89}"
EndProject
Project("{FAE04EC0-301F-11D3-BF4B-00C04F79EFBC}") = "Unity.2D.Animation.Editor", "Unity.2D.Animation.Editor.csproj", "{23713a1c-4ad7-c49c-35c3-28188e6e79fc}"
EndProject
Project("{FAE04EC0-301F-11D3-BF4B-00C04F79EFBC}") = "Unity.2D.SpriteShape.Editor", "Unity.2D.SpriteShape.Editor.csproj", "{827e52f8-6e8c-45fc-9090-8ce3b93c4008}"
EndProject
Project("{FAE04EC0-301F-11D3-BF4B-00C04F79EFBC}") = "Unity.VisualStudio.Editor", "Unity.VisualStudio.Editor.csproj", "{c6437585-c800-9532-8e57-80b365859bbc}"
EndProject
Project("{FAE04EC0-301F-11D3-BF4B-00C04F79EFBC}") = "PPv2URPConverters", "PPv2URPConverters.csproj", "{264a0155-7baf-52c8-97e3-ccbe5394276c}"
EndProject
Project("{FAE04EC0-301F-11D3-BF4B-00C04F79EFBC}") = "Unity.Rider.Editor", "Unity.Rider.Editor.csproj", "{9d817612-7185-919b-f08b-07b7c37c7ee7}"
EndProject
Project("{FAE04EC0-301F-11D3-BF4B-00C04F79EFBC}") = "Unity.InternalAPIEditorBridge.001", "Unity.InternalAPIEditorBridge.001.csproj", "{7fa61164-a4ed-a900-e285-760d7f90dda6}"
EndProject
Project("{FAE04EC0-301F-11D3-BF4B-00C04F79EFBC}") = "Unity.Services.Core.Telemetry", "Unity.Services.Core.Telemetry.csproj", "{ce2d93d1-471a-799a-6055-ab66eb6389c0}"
EndProject
Project("{FAE04EC0-301F-11D3-BF4B-00C04F79EFBC}") = "Unity.2D.SpriteShape.Runtime", "Unity.2D.SpriteShape.Runtime.csproj", "{3c6c1dfa-e0b9-3cb1-baac-01d9aaf91c38}"
EndProject
Project("{FAE04EC0-301F-11D3-BF4B-00C04F79EFBC}") = "Unity.Services.Core.Configuration", "Unity.Services.Core.Configuration.csproj", "{9974243f-ff5f-080a-abad-6d3e8a5c041d}"
EndProject
Project("{FAE04EC0-301F-11D3-BF4B-00C04F79EFBC}") = "Unity.AI.Navigation.Editor.ConversionSystem", "Unity.AI.Navigation.Editor.ConversionSystem.csproj", "{40d4b130-e181-d434-27c9-0a8734d5c90a}"
EndProject
Project("{FAE04EC0-301F-11D3-BF4B-00C04F79EFBC}") = "Unity.VisualScripting.State.Editor", "Unity.VisualScripting.State.Editor.csproj", "{cb501845-30a1-9d1d-06e3-9af0481c9e6c}"
EndProject
Project("{FAE04EC0-301F-11D3-BF4B-00C04F79EFBC}") = "UnityEngine.UI", "UnityEngine.UI.csproj", "{a160f672-0bf8-b685-c40c-8b0c41f0c7c5}"
EndProject
Project("{FAE04EC0-301F-11D3-BF4B-00C04F79EFBC}") = "Unity.Burst.CodeGen", "Unity.Burst.CodeGen.csproj", "{886d6858-24df-92b6-03e3-5948edbfebbf}"
EndProject
Project("{FAE04EC0-301F-11D3-BF4B-00C04F79EFBC}") = "Unity.Services.Core.Configuration.Editor", "Unity.Services.Core.Configuration.Editor.csproj", "{d8d7d838-b63c-3d07-6296-bda806fa2899}"
EndProject
Project("{FAE04EC0-301F-11D3-BF4B-00C04F79EFBC}") = "Unity.Services.Core.Editor", "Unity.Services.Core.Editor.csproj", "{c52575c4-7c8d-784c-3b4b-b4c241f813c8}"
EndProject
Project("{FAE04EC0-301F-11D3-BF4B-00C04F79EFBC}") = "Unity.RenderPipeline.Universal.ShaderLibrary", "Unity.RenderPipeline.Universal.ShaderLibrary.csproj", "{61b94cd9-a45c-db51-b1c7-9268511e5542}"
EndProject
Project("{FAE04EC0-301F-11D3-BF4B-00C04F79EFBC}") = "Unity.Services.Core", "Unity.Services.Core.csproj", "{f21745d0-6400-e0f4-0578-cf89eb380437}"
EndProject
Project("{FAE04EC0-301F-11D3-BF4B-00C04F79EFBC}") = "Unity.AI.Navigation", "Unity.AI.Navigation.csproj", "{58fe7318-d7b1-1e38-ed78-f74ac9a11852}"
EndProject
Project("{FAE04EC0-301F-11D3-BF4B-00C04F79EFBC}") = "Unity.VisualScripting.State", "Unity.VisualScripting.State.csproj", "{e79a1891-1154-b396-6a32-93d893c681fc}"
EndProject
Project("{FAE04EC0-301F-11D3-BF4B-00C04F79EFBC}") = "Unity.TextMeshPro", "Unity.TextMeshPro.csproj", "{6a2f2200-9c0f-baff-ed18-0db082455966}"
EndProject
Project("{FAE04EC0-301F-11D3-BF4B-00C04F79EFBC}") = "Unity.2D.Tilemap.Extras.Editor", "Unity.2D.Tilemap.Extras.Editor.csproj", "{e70f9345-c1ef-affd-735b-6c2e75bd1ab9}"
EndProject
Project("{FAE04EC0-301F-11D3-BF4B-00C04F79EFBC}") = "Unity.2D.Animation.Runtime", "Unity.2D.Animation.Runtime.csproj", "{a6c7e988-87ae-ea69-9016-fa8f162f9111}"
EndProject
Project("{FAE04EC0-301F-11D3-BF4B-00C04F79EFBC}") = "Unity.VisualScripting.SettingsProvider.Editor", "Unity.VisualScripting.SettingsProvider.Editor.csproj", "{b2014aa4-de4c-95c3-34a5-184e90aed302}"
EndProject
Project("{FAE04EC0-301F-11D3-BF4B-00C04F79EFBC}") = "Unity.VSCode.Editor", "Unity.VSCode.Editor.csproj", "{a62e71b1-267c-ea9e-0edd-8d99f14699f8}"
EndProject
Project("{FAE04EC0-301F-11D3-BF4B-00C04F79EFBC}") = "Unity.2D.IK.Editor", "Unity.2D.IK.Editor.csproj", "{c6796984-ea4f-5729-2ac3-30bd905ce106}"
EndProject
Project("{FAE04EC0-301F-11D3-BF4B-00C04F79EFBC}") = "Unity.InternalAPIEngineBridge.001", "Unity.InternalAPIEngineBridge.001.csproj", "{aae3ee7b-57c6-2b74-e348-8c4510dc4f04}"
EndProject
Project("{FAE04EC0-301F-11D3-BF4B-00C04F79EFBC}") = "Unity.Burst.Editor", "Unity.Burst.Editor.csproj", "{ff696230-8590-c24a-506d-539ca14b3c7a}"
EndProject
Project("{FAE04EC0-301F-11D3-BF4B-00C04F79EFBC}") = "Unity.2D.Common.Editor", "Unity.2D.Common.Editor.csproj", "{7cd3a643-f61f-498e-a974-70c78ced9a5b}"
EndProject
Project("{FAE04EC0-301F-11D3-BF4B-00C04F79EFBC}") = "Unity.AI.Navigation.Updater", "Unity.AI.Navigation.Updater.csproj", "{fc0cb2c3-8445-b4c2-9ddd-34163b2e8c14}"
EndProject
Project("{FAE04EC0-301F-11D3-BF4B-00C04F79EFBC}") = "Assembly-CSharp", "Assembly-CSharp.csproj", "{2d4a8c00-43bf-cf8a-f6f2-1f06dfc665d7}"
EndProject
Project("{FAE04EC0-301F-11D3-BF4B-00C04F79EFBC}") = "Unity.2D.PixelPerfect", "Unity.2D.PixelPerfect.csproj", "{e79ad67c-9e0b-12a1-9be3-c10e707af52c}"
EndProject
Project("{FAE04EC0-301F-11D3-BF4B-00C04F79EFBC}") = "Unity.2D.PixelPerfect.Editor", "Unity.2D.PixelPerfect.Editor.csproj", "{7877a1b6-8a04-1ca9-6774-bb5271d41c95}"
EndProject
Project("{FAE04EC0-301F-11D3-BF4B-00C04F79EFBC}") = "Unity.2D.Common.Runtime", "Unity.2D.Common.Runtime.csproj", "{58b026d2-43d9-e5c7-61f4-a5cdce7be4a1}"
EndProject
Project("{FAE04EC0-301F-11D3-BF4B-00C04F79EFBC}") = "Unity.2D.Sprite.Editor", "Unity.2D.Sprite.Editor.csproj", "{0c99b570-d061-009e-dc45-f3094c671fcf}"
EndProject
Project("{FAE04EC0-301F-11D3-BF4B-00C04F79EFBC}") = "Unity.Services.Core.Analytics", "Unity.Services.Core.Analytics.csproj", "{563e19bc-8238-8922-db5a-cf81d8482dc4}"
EndProject
Project("{FAE04EC0-301F-11D3-BF4B-00C04F79EFBC}") = "Unity.Services.Core.Environments.Internal", "Unity.Services.Core.Environments.Internal.csproj", "{80f74f3a-a1af-8bad-0ae8-22d64495a004}"
EndProject
Project("{FAE04EC0-301F-11D3-BF4B-00C04F79EFBC}") = "Unity.Services.Core.Networking", "Unity.Services.Core.Networking.csproj", "{a96be6e3-0044-a2ae-8914-1876b61e1c79}"
EndProject
Project("{FAE04EC0-301F-11D3-BF4B-00C04F79EFBC}") = "Unity.Services.Core.Scheduler", "Unity.Services.Core.Scheduler.csproj", "{0a5e934e-3253-c3e9-2aeb-43de2e0fbb50}"
EndProject
Project("{FAE04EC0-301F-11D3-BF4B-00C04F79EFBC}") = "Unity.Mathematics.Editor", "Unity.Mathematics.Editor.csproj", "{021c8de0-0e30-2a4a-b8df-3122aeff9717}"
EndProject
Project("{FAE04EC0-301F-11D3-BF4B-00C04F79EFBC}") = "Unity.2D.Tilemap.Extras", "Unity.2D.Tilemap.Extras.csproj", "{ee9c3e7d-76d1-e3bd-91ef-386cb0f38d55}"
EndProject
Project("{FAE04EC0-301F-11D3-BF4B-00C04F79EFBC}") = "Unity.Services.Core.Threading", "Unity.Services.Core.Threading.csproj", "{0dc5f5f7-e71b-622d-46d0-f16d0e320f81}"
EndProject
Project("{FAE04EC0-301F-11D3-BF4B-00C04F79EFBC}") = "Unity.Services.Core.Device", "Unity.Services.Core.Device.csproj", "{4bb6fe45-0feb-ecce-2585-58f0c8742c50}"
EndProject
Project("{FAE04EC0-301F-11D3-BF4B-00C04F79EFBC}") = "Unity.ShaderGraph.Utilities", "Unity.ShaderGraph.Utilities.csproj", "{96a24df4-a34c-b00b-78d4-e7dde3db2e12}"
EndProject
Project("{FAE04EC0-301F-11D3-BF4B-00C04F79EFBC}") = "Unity.VisualScripting.Shared.Editor", "Unity.VisualScripting.Shared.Editor.csproj", "{8941d737-8dc3-69d1-7f52-ef00dc2813ee}"
EndProject
Project("{FAE04EC0-301F-11D3-BF4B-00C04F79EFBC}") = "Unity.Collections.DocCodeSamples", "Unity.Collections.DocCodeSamples.csproj", "{a96f5ffc-37bd-8fc8-b7a4-dc6f30b2901d}"
EndProject
Project("{FAE04EC0-301F-11D3-BF4B-00C04F79EFBC}") = "Unity.Services.Core.Registration", "Unity.Services.Core.Registration.csproj", "{29ea3558-895c-3d09-0232-02517732a0e1}"
EndProject
Project("{FAE04EC0-301F-11D3-BF4B-00C04F79EFBC}") = "Assembly-CSharp-Editor-firstpass", "Assembly-CSharp-Editor-firstpass.csproj", "{8da5c3dd-d0c8-40ff-3768-0599ab01d144}"
EndProject
Project("{FAE04EC0-301F-11D3-BF4B-00C04F79EFBC}") = "Unity.Services.Core.Environments", "Unity.Services.Core.Environments.csproj", "{c4ba20f5-b560-dd07-1143-3230b9e9199e}"
EndProject
Project("{FAE04EC0-301F-11D3-BF4B-00C04F79EFBC}") = "Unity.Collections.BurstCompatibilityGen", "Unity.Collections.BurstCompatibilityGen.csproj", "{3a09e619-4991-7611-3e87-7dd57493752d}"
EndProject
Project("{FAE04EC0-301F-11D3-BF4B-00C04F79EFBC}") = "Unity.RenderPipelines.ShaderGraph.ShaderGraphLibrary", "Unity.RenderPipelines.ShaderGraph.ShaderGraphLibrary.csproj", "{6cc38c02-58e5-8a86-bff0-28b1d9c244c9}"
EndProject
Project("{FAE04EC0-301F-11D3-BF4B-00C04F79EFBC}") = "Unity.RenderPipelines.Core.ShaderLibrary", "Unity.RenderPipelines.Core.ShaderLibrary.csproj", "{fd02e72d-3b19-8e41-0637-eacbf4d73384}"
EndProject
Project("{FAE04EC0-301F-11D3-BF4B-00C04F79EFBC}") = "Unity.RenderPipelines.Universal.Shaders", "Unity.RenderPipelines.Universal.Shaders.csproj", "{a2dd4819-2033-6d45-69d5-f61d6c2c32a6}"
EndProject
Project("{FAE04EC0-301F-11D3-BF4B-00C04F79EFBC}") = "Unity.Timeline", "Unity.Timeline.Player.csproj", "{9cbb7468-0cf0-b815-6018-415c2af263e3}"
EndProject
Project("{FAE04EC0-301F-11D3-BF4B-00C04F79EFBC}") = "Unity.Services.Core.Internal", "Unity.Services.Core.Internal.Player.csproj", "{e7e6a199-eb2a-fa2d-2697-9129050db254}"
EndProject
Project("{FAE04EC0-301F-11D3-BF4B-00C04F79EFBC}") = "Unity.VisualScripting.Flow", "Unity.VisualScripting.Flow.Player.csproj", "{6b7860c5-c3bf-7c66-c90c-f0e8ef18924c}"
EndProject
Project("{FAE04EC0-301F-11D3-BF4B-00C04F79EFBC}") = "Unity.RenderPipelines.Universal.Runtime", "Unity.RenderPipelines.Universal.Runtime.Player.csproj", "{ba90703d-b4d7-c59e-afbf-fd66022cf521}"
EndProject
Project("{FAE04EC0-301F-11D3-BF4B-00C04F79EFBC}") = "Unity.RenderPipelines.Core.Runtime", "Unity.RenderPipelines.Core.Runtime.Player.csproj", "{4049d990-672b-8a81-48a9-c757ab85d92f}"
EndProject
Project("{FAE04EC0-301F-11D3-BF4B-00C04F79EFBC}") = "Unity.Mathematics", "Unity.Mathematics.Player.csproj", "{9408d3bc-fa4c-2553-9ce8-25c25078e51b}"
EndProject
Project("{FAE04EC0-301F-11D3-BF4B-00C04F79EFBC}") = "Unity.2D.IK.Runtime", "Unity.2D.IK.Runtime.Player.csproj", "{b09615e5-a4c6-7a46-b1c8-82df0ebd00e2}"
EndProject
Project("{FAE04EC0-301F-11D3-BF4B-00C04F79EFBC}") = "UnityEngine.TestRunner", "UnityEngine.TestRunner.Player.csproj", "{55fb60e2-8301-a91a-dfda-eba2f371f24a}"
EndProject
Project("{FAE04EC0-301F-11D3-BF4B-00C04F79EFBC}") = "Unity.VisualScripting.Core", "Unity.VisualScripting.Core.Player.csproj", "{2c1763a7-c32c-a3cd-90c2-b136634d3a97}"
EndProject
Project("{FAE04EC0-301F-11D3-BF4B-00C04F79EFBC}") = "Unity.Burst", "Unity.Burst.Player.csproj", "{2ab03869-dd58-ca75-025b-bd7343261fc2}"
EndProject
Project("{FAE04EC0-301F-11D3-BF4B-00C04F79EFBC}") = "Unity.Collections", "Unity.Collections.Player.csproj", "{ec8a8ddc-58d9-1d56-7baa-6f0fb9790474}"
EndProject
Project("{FAE04EC0-301F-11D3-BF4B-00C04F79EFBC}") = "Unity.Services.Core.Telemetry", "Unity.Services.Core.Telemetry.Player.csproj", "{65089aa4-8266-d7ed-af6f-51271ce3d748}"
EndProject
Project("{FAE04EC0-301F-11D3-BF4B-00C04F79EFBC}") = "Unity.2D.SpriteShape.Runtime", "Unity.2D.SpriteShape.Runtime.Player.csproj", "{6fa1cd19-a4a1-0d96-25eb-3d9ec4a252b4}"
EndProject
Project("{FAE04EC0-301F-11D3-BF4B-00C04F79EFBC}") = "Unity.Services.Core.Configuration", "Unity.Services.Core.Configuration.Player.csproj", "{1c151c76-646a-e6d2-27f7-eb949b598039}"
EndProject
Project("{FAE04EC0-301F-11D3-BF4B-00C04F79EFBC}") = "UnityEngine.UI", "UnityEngine.UI.Player.csproj", "{e222265c-5a1c-6ff1-5d72-e66ea939b5af}"
EndProject
Project("{FAE04EC0-301F-11D3-BF4B-00C04F79EFBC}") = "Unity.RenderPipeline.Universal.ShaderLibrary", "Unity.RenderPipeline.Universal.ShaderLibrary.Player.csproj", "{d52817a9-64ff-6f55-36da-d452462d967a}"
EndProject
Project("{FAE04EC0-301F-11D3-BF4B-00C04F79EFBC}") = "Unity.Services.Core", "Unity.Services.Core.Player.csproj", "{6880fdf1-130d-f5f2-8680-6c409b19c75f}"
EndProject
Project("{FAE04EC0-301F-11D3-BF4B-00C04F79EFBC}") = "Unity.AI.Navigation", "Unity.AI.Navigation.Player.csproj", "{8a425aa8-b1f2-0c88-8b40-7c4127199caf}"
EndProject
Project("{FAE04EC0-301F-11D3-BF4B-00C04F79EFBC}") = "Unity.VisualScripting.State", "Unity.VisualScripting.State.Player.csproj", "{1a5328a0-7d46-ec2e-3dfa-51175bdaa58d}"
EndProject
Project("{FAE04EC0-301F-11D3-BF4B-00C04F79EFBC}") = "Unity.TextMeshPro", "Unity.TextMeshPro.Player.csproj", "{f73e3db3-6215-65e1-635c-91bd1732ac59}"
EndProject
Project("{FAE04EC0-301F-11D3-BF4B-00C04F79EFBC}") = "Unity.2D.Animation.Runtime", "Unity.2D.Animation.Runtime.Player.csproj", "{310f90ff-b7d2-dabd-496f-fb7c4d0417d1}"
EndProject
Project("{FAE04EC0-301F-11D3-BF4B-00C04F79EFBC}") = "Unity.InternalAPIEngineBridge.001", "Unity.InternalAPIEngineBridge.001.Player.csproj", "{0c8fdd2b-9bf7-bf42-0765-2d90c8265235}"
EndProject
Project("{FAE04EC0-301F-11D3-BF4B-00C04F79EFBC}") = "Assembly-CSharp", "Assembly-CSharp.Player.csproj", "{c1d1ec2c-d1f9-5aa1-b825-83afc949a68e}"
EndProject
Project("{FAE04EC0-301F-11D3-BF4B-00C04F79EFBC}") = "Unity.2D.PixelPerfect", "Unity.2D.PixelPerfect.Player.csproj", "{e5e02491-f462-dc8f-bf6a-58c0511da9d5}"
EndProject
Project("{FAE04EC0-301F-11D3-BF4B-00C04F79EFBC}") = "Unity.2D.Common.Runtime", "Unity.2D.Common.Runtime.Player.csproj", "{ae4e20ec-6ab1-8483-c256-4c6c4914438b}"
EndProject
Project("{FAE04EC0-301F-11D3-BF4B-00C04F79EFBC}") = "Unity.Services.Core.Analytics", "Unity.Services.Core.Analytics.Player.csproj", "{05de6972-f678-9f95-bebc-ad1510d0862c}"
EndProject
Project("{FAE04EC0-301F-11D3-BF4B-00C04F79EFBC}") = "Unity.Services.Core.Environments.Internal", "Unity.Services.Core.Environments.Internal.Player.csproj", "{67b8dd73-6e04-7c74-8242-eaf3a33eb6ab}"
EndProject
Project("{FAE04EC0-301F-11D3-BF4B-00C04F79EFBC}") = "Unity.Services.Core.Networking", "Unity.Services.Core.Networking.Player.csproj", "{502a6275-c07e-83bd-dc8f-0aec4ae92701}"
EndProject
Project("{FAE04EC0-301F-11D3-BF4B-00C04F79EFBC}") = "Unity.Services.Core.Scheduler", "Unity.Services.Core.Scheduler.Player.csproj", "{08c167d3-9568-a915-cc6f-4fedb5bc52a5}"
EndProject
Project("{FAE04EC0-301F-11D3-BF4B-00C04F79EFBC}") = "Unity.2D.Tilemap.Extras", "Unity.2D.Tilemap.Extras.Player.csproj", "{04f2a1f0-2b3b-42a7-2097-370308dcf69d}"
EndProject
Project("{FAE04EC0-301F-11D3-BF4B-00C04F79EFBC}") = "Unity.Services.Core.Threading", "Unity.Services.Core.Threading.Player.csproj", "{ea69cd0b-cb2a-5e4a-0dcb-f090377d6b4f}"
EndProject
Project("{FAE04EC0-301F-11D3-BF4B-00C04F79EFBC}") = "Unity.Services.Core.Device", "Unity.Services.Core.Device.Player.csproj", "{03ad8949-a0ab-689d-d48f-55a5d6c1cbe7}"
EndProject
Project("{FAE04EC0-301F-11D3-BF4B-00C04F79EFBC}") = "Unity.Services.Core.Registration", "Unity.Services.Core.Registration.Player.csproj", "{9b8cae94-b5d1-40e2-8326-23cf17d25396}"
EndProject
Project("{FAE04EC0-301F-11D3-BF4B-00C04F79EFBC}") = "Unity.Services.Core.Environments", "Unity.Services.Core.Environments.Player.csproj", "{70f56a78-4f5d-f372-efae-bc453519cb32}"
EndProject
Project("{FAE04EC0-301F-11D3-BF4B-00C04F79EFBC}") = "Unity.RenderPipelines.ShaderGraph.ShaderGraphLibrary", "Unity.RenderPipelines.ShaderGraph.ShaderGraphLibrary.Player.csproj", "{fad60104-d435-bdcb-524f-0180ed6ef28e}"
EndProject
Project("{FAE04EC0-301F-11D3-BF4B-00C04F79EFBC}") = "Unity.RenderPipelines.Core.ShaderLibrary", "Unity.RenderPipelines.Core.ShaderLibrary.Player.csproj", "{9372246e-7629-1ae7-e8eb-2b880d5bc802}"
EndProject
Project("{FAE04EC0-301F-11D3-BF4B-00C04F79EFBC}") = "Unity.RenderPipelines.Universal.Shaders", "Unity.RenderPipelines.Universal.Shaders.Player.csproj", "{436a8b32-40e1-7482-e99a-eac1c1a6a034}"
EndProject
Project("{FAE04EC0-301F-11D3-BF4B-00C04F79EFBC}") = "UnityEngine.UI.Tests", "UnityEngine.UI.Tests.csproj", "{d55f5fa0-6797-b9b9-6b1a-0fc83c291efb}"
EndProject
Project("{FAE04EC0-301F-11D3-BF4B-00C04F79EFBC}") = "Assembly-CSharp-Editor", "Assembly-CSharp-Editor.csproj", "{c6bf2fa7-06cc-fc83-1a75-94213176ec30}"
EndProject
Project("{FAE04EC0-301F-11D3-BF4B-00C04F79EFBC}") = "Unity.Burst.Tests.UnitTests", "Unity.Burst.Tests.UnitTests.csproj", "{ea80cf0e-03c3-0a16-9fb2-01ae03600fe8}"
EndProject
Project("{FAE04EC0-301F-11D3-BF4B-00C04F79EFBC}") = "UnityEditor.UI.EditorTests", "UnityEditor.UI.EditorTests.csproj", "{1c068d4e-f251-c4f8-e594-06677fa7ce24}"
EndProject
Project("{FAE04EC0-301F-11D3-BF4B-00C04F79EFBC}") = "Unity.2D.PixelPerfect.Tests", "Unity.2D.PixelPerfect.Tests.csproj", "{12f34914-7008-e33d-96f6-44fbfd659a60}"
EndProject
Project("{FAE04EC0-301F-11D3-BF4B-00C04F79EFBC}") = "Unity.Mathematics.Tests", "Unity.Mathematics.Tests.csproj", "{872b235a-6415-b9ad-d295-98aace8af093}"
EndProject
Project("{FAE04EC0-301F-11D3-BF4B-00C04F79EFBC}") = "Unity.TextMeshPro.Tests", "Unity.TextMeshPro.Tests.csproj", "{a831a1fa-85a0-c1b2-b3c8-3b79fc64d39c}"
EndProject
Project("{FAE04EC0-301F-11D3-BF4B-00C04F79EFBC}") = "Unity.RenderPipelines.Core.Editor.Tests", "Unity.RenderPipelines.Core.Editor.Tests.csproj", "{8a3483cd-1c8d-510c-3fb5-964ba8436951}"
EndProject
Project("{FAE04EC0-301F-11D3-BF4B-00C04F79EFBC}") = "Unity.RenderPipelines.Core.Runtime.Tests", "Unity.RenderPipelines.Core.Runtime.Tests.csproj", "{29a5f6b5-aa78-30be-fa55-252ba029f4a7}"
EndProject
Project("{FAE04EC0-301F-11D3-BF4B-00C04F79EFBC}") = "Assembly-CSharp-firstpass", "Assembly-CSharp-firstpass.csproj", "{6d24565f-49dc-a9cf-e0cb-7b4ed7999432}"
EndProject
Project("{FAE04EC0-301F-11D3-BF4B-00C04F79EFBC}") = "Unity.2D.Sprite.Package.EditorTests", "Unity.2D.Sprite.Package.EditorTests.csproj", "{ebeb5ab2-fe2a-7d78-cfca-1e12648f559e}"
EndProject
Project("{FAE04EC0-301F-11D3-BF4B-00C04F79EFBC}") = "Unity.2D.Tilemap.Package.EditorTests", "Unity.2D.Tilemap.Package.EditorTests.csproj", "{c5a44c28-4176-9529-2b4d-aba7f36e33ae}"
EndProject
Project("{FAE04EC0-301F-11D3-BF4B-00C04F79EFBC}") = "Unity.Burst.Editor.Tests", "Unity.Burst.Editor.Tests.csproj", "{a9bc4632-4c81-ba69-95c0-9ecef0f4a647}"
EndProject
Project("{FAE04EC0-301F-11D3-BF4B-00C04F79EFBC}") = "Unity.2D.SpriteShape.EditorTests", "Unity.2D.SpriteShape.EditorTests.csproj", "{1185b54e-4fc2-54ec-ed30-f6c0af4688e0}"
EndProject
Project("{FAE04EC0-301F-11D3-BF4B-00C04F79EFBC}") = "Unity.2D.Common.EditorTests", "Unity.2D.Common.EditorTests.csproj", "{da13b66f-0c7e-0723-6e9a-55a8bc99fc7c}"
EndProject
Project("{FAE04EC0-301F-11D3-BF4B-00C04F79EFBC}") = "Unity.Searcher.EditorTests", "Unity.Searcher.EditorTests.csproj", "{2c96f715-d176-f742-99e9-704fcbc1f0c1}"
EndProject
Project("{FAE04EC0-301F-11D3-BF4B-00C04F79EFBC}") = "Unity.2D.Psdimporter.EditorTests", "Unity.2D.Psdimporter.EditorTests.csproj", "{ff8192d7-5a21-9871-7162-b73c825dc3ca}"
EndProject
Project("{FAE04EC0-301F-11D3-BF4B-00C04F79EFBC}") = "Unity.RenderPipelines.Universal.Runtime.Tests", "Unity.RenderPipelines.Universal.Runtime.Tests.csproj", "{7c49eb54-58db-a02f-08ab-d1427850d71f}"
EndProject
Project("{FAE04EC0-301F-11D3-BF4B-00C04F79EFBC}") = "DocCodeExamples", "DocCodeExamples.csproj", "{c8013cda-68eb-48db-b3b7-fabd6eff05ac}"
EndProject
Project("{FAE04EC0-301F-11D3-BF4B-00C04F79EFBC}") = "Unity.RenderPipelines.Universal.Editor.Tests", "Unity.RenderPipelines.Universal.Editor.Tests.csproj", "{ecc0521e-adde-7845-9c9b-a6e9ddec9b50}"
EndProject
Project("{FAE04EC0-301F-11D3-BF4B-00C04F79EFBC}") = "Unity.ShaderGraph.Editor.Tests", "Unity.ShaderGraph.Editor.Tests.csproj", "{76a4eaeb-2eed-f4cb-3c4c-bb3b2f178e5f}"
EndProject
Project("{FAE04EC0-301F-11D3-BF4B-00C04F79EFBC}") = "Unity.2D.PixelPerfect.Editor.Tests", "Unity.2D.PixelPerfect.Editor.Tests.csproj", "{3a305ba7-64db-59d7-0194-e85103b42a1a}"
EndProject
Project("{FAE04EC0-301F-11D3-BF4B-00C04F79EFBC}") = "Unity.AI.Navigation.Tests", "Unity.AI.Navigation.Tests.csproj", "{afb7b11c-e311-7150-e7fb-86484c554bae}"
EndProject
Project("{FAE04EC0-301F-11D3-BF4B-00C04F79EFBC}") = "Unity.TextMeshPro.Editor.Tests", "Unity.TextMeshPro.Editor.Tests.csproj", "{e98a23b9-b77c-8480-7fec-ba3b61e3f01e}"
EndProject
Project("{FAE04EC0-301F-11D3-BF4B-00C04F79EFBC}") = "Unity.2D.Tilemap.Extras.Placeholder.EditorTests", "Unity.2D.Tilemap.Extras.Placeholder.EditorTests.csproj", "{c5d9828b-1bf0-2a21-299f-1a71f3320a17}"
EndProject
Project("{FAE04EC0-301F-11D3-BF4B-00C04F79EFBC}") = "Unity.Collections.Tests", "Unity.Collections.Tests.csproj", "{6dc48b71-187b-e243-3b82-9bce5a4efd4a}"
EndProject
Project("{FAE04EC0-301F-11D3-BF4B-00C04F79EFBC}") = "Unity.AI.Navigation.Editor.Tests", "Unity.AI.Navigation.Editor.Tests.csproj", "{18d6ffe2-f544-6e0d-3b4f-7005cec71a7f}"
EndProject
Project("{FAE04EC0-301F-11D3-BF4B-00C04F79EFBC}") = "Unity.2D.Animation.EditorTests", "Unity.2D.Animation.EditorTests.csproj", "{9b890e35-c343-c38c-c08a-06f8bb24a5f4}"
EndProject
Project("{FAE04EC0-301F-11D3-BF4B-00C04F79EFBC}") = "Unity.Collections.Tests.Playmode", "Unity.Collections.Tests.Playmode.csproj", "{9baac6da-f8b7-8104-0336-e81a881b4958}"
EndProject
Project("{FAE04EC0-301F-11D3-BF4B-00C04F79EFBC}") = "SeparateAssembly", "SeparateAssembly.csproj", "{9d657061-7a8c-d8d1-3fe4-65d5056323e1}"
EndProject
Global
	GlobalSection(SolutionConfigurationPlatforms) = preSolution
		Debug|Any CPU = Debug|Any CPU
	EndGlobalSection
	GlobalSection(ProjectConfigurationPlatforms) = postSolution
		{25eeaa86-1ed0-d965-a608-72a1b60cf8d5}.Debug|Any CPU.ActiveCfg = Debug|Any CPU
		{25eeaa86-1ed0-d965-a608-72a1b60cf8d5}.Debug|Any CPU.Build.0 = Debug|Any CPU
		{5b43d2d2-be93-59b4-ef29-9d87d01075c9}.Debug|Any CPU.ActiveCfg = Debug|Any CPU
		{5b43d2d2-be93-59b4-ef29-9d87d01075c9}.Debug|Any CPU.Build.0 = Debug|Any CPU
		{d1943763-c882-7836-faa2-98dc529e37f3}.Debug|Any CPU.ActiveCfg = Debug|Any CPU
		{d1943763-c882-7836-faa2-98dc529e37f3}.Debug|Any CPU.Build.0 = Debug|Any CPU
		{70e16fe0-1b17-1b74-6fe1-1efd5e4f5315}.Debug|Any CPU.ActiveCfg = Debug|Any CPU
		{70e16fe0-1b17-1b74-6fe1-1efd5e4f5315}.Debug|Any CPU.Build.0 = Debug|Any CPU
		{fcd7e787-5e5d-894e-046d-c092d8950109}.Debug|Any CPU.ActiveCfg = Debug|Any CPU
		{fcd7e787-5e5d-894e-046d-c092d8950109}.Debug|Any CPU.Build.0 = Debug|Any CPU
		{f19ee61d-ef41-d29a-575a-fbfecce539c3}.Debug|Any CPU.ActiveCfg = Debug|Any CPU
		{f19ee61d-ef41-d29a-575a-fbfecce539c3}.Debug|Any CPU.Build.0 = Debug|Any CPU
		{3f94102a-8e44-6f70-7b9a-3e7901cb14e2}.Debug|Any CPU.ActiveCfg = Debug|Any CPU
		{3f94102a-8e44-6f70-7b9a-3e7901cb14e2}.Debug|Any CPU.Build.0 = Debug|Any CPU
		{8877800b-5199-8f43-f592-cdb72f33370c}.Debug|Any CPU.ActiveCfg = Debug|Any CPU
		{8877800b-5199-8f43-f592-cdb72f33370c}.Debug|Any CPU.Build.0 = Debug|Any CPU
		{13dcfdc4-58ba-a6ef-23aa-e6d252b5a449}.Debug|Any CPU.ActiveCfg = Debug|Any CPU
		{13dcfdc4-58ba-a6ef-23aa-e6d252b5a449}.Debug|Any CPU.Build.0 = Debug|Any CPU
		{72ca46ae-4fed-f3fd-b128-4952ad0b598a}.Debug|Any CPU.ActiveCfg = Debug|Any CPU
		{72ca46ae-4fed-f3fd-b128-4952ad0b598a}.Debug|Any CPU.Build.0 = Debug|Any CPU
		{63e48dd4-0add-9a76-d357-766e8f2a4b68}.Debug|Any CPU.ActiveCfg = Debug|Any CPU
		{63e48dd4-0add-9a76-d357-766e8f2a4b68}.Debug|Any CPU.Build.0 = Debug|Any CPU
		{f1404a70-542c-0542-d04c-0142c51211e4}.Debug|Any CPU.ActiveCfg = Debug|Any CPU
		{f1404a70-542c-0542-d04c-0142c51211e4}.Debug|Any CPU.Build.0 = Debug|Any CPU
		{0af0e76d-6187-04c6-594a-443e0398b008}.Debug|Any CPU.ActiveCfg = Debug|Any CPU
		{0af0e76d-6187-04c6-594a-443e0398b008}.Debug|Any CPU.Build.0 = Debug|Any CPU
		{f53910cd-3694-fc1c-49fe-ef9abe405e34}.Debug|Any CPU.ActiveCfg = Debug|Any CPU
		{f53910cd-3694-fc1c-49fe-ef9abe405e34}.Debug|Any CPU.Build.0 = Debug|Any CPU
		{7798a67f-b7f8-2325-72ef-ca35648532d6}.Debug|Any CPU.ActiveCfg = Debug|Any CPU
		{7798a67f-b7f8-2325-72ef-ca35648532d6}.Debug|Any CPU.Build.0 = Debug|Any CPU
		{8b508ba6-7e0c-854b-a007-f968b541256e}.Debug|Any CPU.ActiveCfg = Debug|Any CPU
		{8b508ba6-7e0c-854b-a007-f968b541256e}.Debug|Any CPU.Build.0 = Debug|Any CPU
		{668c746a-9f5b-ca90-b54f-cb77a6f886f0}.Debug|Any CPU.ActiveCfg = Debug|Any CPU
		{668c746a-9f5b-ca90-b54f-cb77a6f886f0}.Debug|Any CPU.Build.0 = Debug|Any CPU
		{b4d5c4fc-14c4-345f-4f88-054da0ef0d00}.Debug|Any CPU.ActiveCfg = Debug|Any CPU
		{b4d5c4fc-14c4-345f-4f88-054da0ef0d00}.Debug|Any CPU.Build.0 = Debug|Any CPU
		{0d2285a5-0f06-ef4d-63a9-902682defdbf}.Debug|Any CPU.ActiveCfg = Debug|Any CPU
		{0d2285a5-0f06-ef4d-63a9-902682defdbf}.Debug|Any CPU.Build.0 = Debug|Any CPU
		{a3189e5b-928f-f76c-83c9-e1081fe939c2}.Debug|Any CPU.ActiveCfg = Debug|Any CPU
		{a3189e5b-928f-f76c-83c9-e1081fe939c2}.Debug|Any CPU.Build.0 = Debug|Any CPU
		{f43947f5-c093-dbae-442a-71f5028a8be3}.Debug|Any CPU.ActiveCfg = Debug|Any CPU
		{f43947f5-c093-dbae-442a-71f5028a8be3}.Debug|Any CPU.Build.0 = Debug|Any CPU
		{f8d31d87-9c46-a503-a7c1-c1978f3b253d}.Debug|Any CPU.ActiveCfg = Debug|Any CPU
		{f8d31d87-9c46-a503-a7c1-c1978f3b253d}.Debug|Any CPU.Build.0 = Debug|Any CPU
		{ae33c23a-cc6f-b218-abd8-5e0c24969ee1}.Debug|Any CPU.ActiveCfg = Debug|Any CPU
		{ae33c23a-cc6f-b218-abd8-5e0c24969ee1}.Debug|Any CPU.Build.0 = Debug|Any CPU
		{3ba5219b-a906-2ac8-b475-05276b5ca425}.Debug|Any CPU.ActiveCfg = Debug|Any CPU
		{3ba5219b-a906-2ac8-b475-05276b5ca425}.Debug|Any CPU.Build.0 = Debug|Any CPU
		{a1428186-18d1-a6b4-f6c9-0efd45ed1cf8}.Debug|Any CPU.ActiveCfg = Debug|Any CPU
		{a1428186-18d1-a6b4-f6c9-0efd45ed1cf8}.Debug|Any CPU.Build.0 = Debug|Any CPU
		{9bd176da-53c3-2d26-f3fc-2ad7497aeeac}.Debug|Any CPU.ActiveCfg = Debug|Any CPU
		{9bd176da-53c3-2d26-f3fc-2ad7497aeeac}.Debug|Any CPU.Build.0 = Debug|Any CPU
		{1fb03de7-8c34-7eff-9b29-bc6d7aee9968}.Debug|Any CPU.ActiveCfg = Debug|Any CPU
		{1fb03de7-8c34-7eff-9b29-bc6d7aee9968}.Debug|Any CPU.Build.0 = Debug|Any CPU
		{eb174be1-de67-75ae-3aac-f81f17191d89}.Debug|Any CPU.ActiveCfg = Debug|Any CPU
		{eb174be1-de67-75ae-3aac-f81f17191d89}.Debug|Any CPU.Build.0 = Debug|Any CPU
		{23713a1c-4ad7-c49c-35c3-28188e6e79fc}.Debug|Any CPU.ActiveCfg = Debug|Any CPU
		{23713a1c-4ad7-c49c-35c3-28188e6e79fc}.Debug|Any CPU.Build.0 = Debug|Any CPU
		{827e52f8-6e8c-45fc-9090-8ce3b93c4008}.Debug|Any CPU.ActiveCfg = Debug|Any CPU
		{827e52f8-6e8c-45fc-9090-8ce3b93c4008}.Debug|Any CPU.Build.0 = Debug|Any CPU
		{c6437585-c800-9532-8e57-80b365859bbc}.Debug|Any CPU.ActiveCfg = Debug|Any CPU
		{c6437585-c800-9532-8e57-80b365859bbc}.Debug|Any CPU.Build.0 = Debug|Any CPU
		{264a0155-7baf-52c8-97e3-ccbe5394276c}.Debug|Any CPU.ActiveCfg = Debug|Any CPU
		{264a0155-7baf-52c8-97e3-ccbe5394276c}.Debug|Any CPU.Build.0 = Debug|Any CPU
		{9d817612-7185-919b-f08b-07b7c37c7ee7}.Debug|Any CPU.ActiveCfg = Debug|Any CPU
		{9d817612-7185-919b-f08b-07b7c37c7ee7}.Debug|Any CPU.Build.0 = Debug|Any CPU
		{7fa61164-a4ed-a900-e285-760d7f90dda6}.Debug|Any CPU.ActiveCfg = Debug|Any CPU
		{7fa61164-a4ed-a900-e285-760d7f90dda6}.Debug|Any CPU.Build.0 = Debug|Any CPU
		{ce2d93d1-471a-799a-6055-ab66eb6389c0}.Debug|Any CPU.ActiveCfg = Debug|Any CPU
		{ce2d93d1-471a-799a-6055-ab66eb6389c0}.Debug|Any CPU.Build.0 = Debug|Any CPU
		{3c6c1dfa-e0b9-3cb1-baac-01d9aaf91c38}.Debug|Any CPU.ActiveCfg = Debug|Any CPU
		{3c6c1dfa-e0b9-3cb1-baac-01d9aaf91c38}.Debug|Any CPU.Build.0 = Debug|Any CPU
		{9974243f-ff5f-080a-abad-6d3e8a5c041d}.Debug|Any CPU.ActiveCfg = Debug|Any CPU
		{9974243f-ff5f-080a-abad-6d3e8a5c041d}.Debug|Any CPU.Build.0 = Debug|Any CPU
		{40d4b130-e181-d434-27c9-0a8734d5c90a}.Debug|Any CPU.ActiveCfg = Debug|Any CPU
		{40d4b130-e181-d434-27c9-0a8734d5c90a}.Debug|Any CPU.Build.0 = Debug|Any CPU
		{cb501845-30a1-9d1d-06e3-9af0481c9e6c}.Debug|Any CPU.ActiveCfg = Debug|Any CPU
		{cb501845-30a1-9d1d-06e3-9af0481c9e6c}.Debug|Any CPU.Build.0 = Debug|Any CPU
		{a160f672-0bf8-b685-c40c-8b0c41f0c7c5}.Debug|Any CPU.ActiveCfg = Debug|Any CPU
		{a160f672-0bf8-b685-c40c-8b0c41f0c7c5}.Debug|Any CPU.Build.0 = Debug|Any CPU
		{886d6858-24df-92b6-03e3-5948edbfebbf}.Debug|Any CPU.ActiveCfg = Debug|Any CPU
		{886d6858-24df-92b6-03e3-5948edbfebbf}.Debug|Any CPU.Build.0 = Debug|Any CPU
		{d8d7d838-b63c-3d07-6296-bda806fa2899}.Debug|Any CPU.ActiveCfg = Debug|Any CPU
		{d8d7d838-b63c-3d07-6296-bda806fa2899}.Debug|Any CPU.Build.0 = Debug|Any CPU
		{c52575c4-7c8d-784c-3b4b-b4c241f813c8}.Debug|Any CPU.ActiveCfg = Debug|Any CPU
		{c52575c4-7c8d-784c-3b4b-b4c241f813c8}.Debug|Any CPU.Build.0 = Debug|Any CPU
		{61b94cd9-a45c-db51-b1c7-9268511e5542}.Debug|Any CPU.ActiveCfg = Debug|Any CPU
		{61b94cd9-a45c-db51-b1c7-9268511e5542}.Debug|Any CPU.Build.0 = Debug|Any CPU
		{f21745d0-6400-e0f4-0578-cf89eb380437}.Debug|Any CPU.ActiveCfg = Debug|Any CPU
		{f21745d0-6400-e0f4-0578-cf89eb380437}.Debug|Any CPU.Build.0 = Debug|Any CPU
		{58fe7318-d7b1-1e38-ed78-f74ac9a11852}.Debug|Any CPU.ActiveCfg = Debug|Any CPU
		{58fe7318-d7b1-1e38-ed78-f74ac9a11852}.Debug|Any CPU.Build.0 = Debug|Any CPU
		{e79a1891-1154-b396-6a32-93d893c681fc}.Debug|Any CPU.ActiveCfg = Debug|Any CPU
		{e79a1891-1154-b396-6a32-93d893c681fc}.Debug|Any CPU.Build.0 = Debug|Any CPU
		{6a2f2200-9c0f-baff-ed18-0db082455966}.Debug|Any CPU.ActiveCfg = Debug|Any CPU
		{6a2f2200-9c0f-baff-ed18-0db082455966}.Debug|Any CPU.Build.0 = Debug|Any CPU
		{e70f9345-c1ef-affd-735b-6c2e75bd1ab9}.Debug|Any CPU.ActiveCfg = Debug|Any CPU
		{e70f9345-c1ef-affd-735b-6c2e75bd1ab9}.Debug|Any CPU.Build.0 = Debug|Any CPU
		{a6c7e988-87ae-ea69-9016-fa8f162f9111}.Debug|Any CPU.ActiveCfg = Debug|Any CPU
		{a6c7e988-87ae-ea69-9016-fa8f162f9111}.Debug|Any CPU.Build.0 = Debug|Any CPU
		{b2014aa4-de4c-95c3-34a5-184e90aed302}.Debug|Any CPU.ActiveCfg = Debug|Any CPU
		{b2014aa4-de4c-95c3-34a5-184e90aed302}.Debug|Any CPU.Build.0 = Debug|Any CPU
		{a62e71b1-267c-ea9e-0edd-8d99f14699f8}.Debug|Any CPU.ActiveCfg = Debug|Any CPU
		{a62e71b1-267c-ea9e-0edd-8d99f14699f8}.Debug|Any CPU.Build.0 = Debug|Any CPU
		{c6796984-ea4f-5729-2ac3-30bd905ce106}.Debug|Any CPU.ActiveCfg = Debug|Any CPU
		{c6796984-ea4f-5729-2ac3-30bd905ce106}.Debug|Any CPU.Build.0 = Debug|Any CPU
		{aae3ee7b-57c6-2b74-e348-8c4510dc4f04}.Debug|Any CPU.ActiveCfg = Debug|Any CPU
		{aae3ee7b-57c6-2b74-e348-8c4510dc4f04}.Debug|Any CPU.Build.0 = Debug|Any CPU
		{ff696230-8590-c24a-506d-539ca14b3c7a}.Debug|Any CPU.ActiveCfg = Debug|Any CPU
		{ff696230-8590-c24a-506d-539ca14b3c7a}.Debug|Any CPU.Build.0 = Debug|Any CPU
		{7cd3a643-f61f-498e-a974-70c78ced9a5b}.Debug|Any CPU.ActiveCfg = Debug|Any CPU
		{7cd3a643-f61f-498e-a974-70c78ced9a5b}.Debug|Any CPU.Build.0 = Debug|Any CPU
		{fc0cb2c3-8445-b4c2-9ddd-34163b2e8c14}.Debug|Any CPU.ActiveCfg = Debug|Any CPU
		{fc0cb2c3-8445-b4c2-9ddd-34163b2e8c14}.Debug|Any CPU.Build.0 = Debug|Any CPU
		{2d4a8c00-43bf-cf8a-f6f2-1f06dfc665d7}.Debug|Any CPU.ActiveCfg = Debug|Any CPU
		{2d4a8c00-43bf-cf8a-f6f2-1f06dfc665d7}.Debug|Any CPU.Build.0 = Debug|Any CPU
		{e79ad67c-9e0b-12a1-9be3-c10e707af52c}.Debug|Any CPU.ActiveCfg = Debug|Any CPU
		{e79ad67c-9e0b-12a1-9be3-c10e707af52c}.Debug|Any CPU.Build.0 = Debug|Any CPU
		{7877a1b6-8a04-1ca9-6774-bb5271d41c95}.Debug|Any CPU.ActiveCfg = Debug|Any CPU
		{7877a1b6-8a04-1ca9-6774-bb5271d41c95}.Debug|Any CPU.Build.0 = Debug|Any CPU
		{58b026d2-43d9-e5c7-61f4-a5cdce7be4a1}.Debug|Any CPU.ActiveCfg = Debug|Any CPU
		{58b026d2-43d9-e5c7-61f4-a5cdce7be4a1}.Debug|Any CPU.Build.0 = Debug|Any CPU
		{0c99b570-d061-009e-dc45-f3094c671fcf}.Debug|Any CPU.ActiveCfg = Debug|Any CPU
		{0c99b570-d061-009e-dc45-f3094c671fcf}.Debug|Any CPU.Build.0 = Debug|Any CPU
		{563e19bc-8238-8922-db5a-cf81d8482dc4}.Debug|Any CPU.ActiveCfg = Debug|Any CPU
		{563e19bc-8238-8922-db5a-cf81d8482dc4}.Debug|Any CPU.Build.0 = Debug|Any CPU
		{80f74f3a-a1af-8bad-0ae8-22d64495a004}.Debug|Any CPU.ActiveCfg = Debug|Any CPU
		{80f74f3a-a1af-8bad-0ae8-22d64495a004}.Debug|Any CPU.Build.0 = Debug|Any CPU
		{a96be6e3-0044-a2ae-8914-1876b61e1c79}.Debug|Any CPU.ActiveCfg = Debug|Any CPU
		{a96be6e3-0044-a2ae-8914-1876b61e1c79}.Debug|Any CPU.Build.0 = Debug|Any CPU
		{0a5e934e-3253-c3e9-2aeb-43de2e0fbb50}.Debug|Any CPU.ActiveCfg = Debug|Any CPU
		{0a5e934e-3253-c3e9-2aeb-43de2e0fbb50}.Debug|Any CPU.Build.0 = Debug|Any CPU
		{021c8de0-0e30-2a4a-b8df-3122aeff9717}.Debug|Any CPU.ActiveCfg = Debug|Any CPU
		{021c8de0-0e30-2a4a-b8df-3122aeff9717}.Debug|Any CPU.Build.0 = Debug|Any CPU
		{ee9c3e7d-76d1-e3bd-91ef-386cb0f38d55}.Debug|Any CPU.ActiveCfg = Debug|Any CPU
		{ee9c3e7d-76d1-e3bd-91ef-386cb0f38d55}.Debug|Any CPU.Build.0 = Debug|Any CPU
		{0dc5f5f7-e71b-622d-46d0-f16d0e320f81}.Debug|Any CPU.ActiveCfg = Debug|Any CPU
		{0dc5f5f7-e71b-622d-46d0-f16d0e320f81}.Debug|Any CPU.Build.0 = Debug|Any CPU
		{4bb6fe45-0feb-ecce-2585-58f0c8742c50}.Debug|Any CPU.ActiveCfg = Debug|Any CPU
		{4bb6fe45-0feb-ecce-2585-58f0c8742c50}.Debug|Any CPU.Build.0 = Debug|Any CPU
		{96a24df4-a34c-b00b-78d4-e7dde3db2e12}.Debug|Any CPU.ActiveCfg = Debug|Any CPU
		{96a24df4-a34c-b00b-78d4-e7dde3db2e12}.Debug|Any CPU.Build.0 = Debug|Any CPU
		{8941d737-8dc3-69d1-7f52-ef00dc2813ee}.Debug|Any CPU.ActiveCfg = Debug|Any CPU
		{8941d737-8dc3-69d1-7f52-ef00dc2813ee}.Debug|Any CPU.Build.0 = Debug|Any CPU
		{a96f5ffc-37bd-8fc8-b7a4-dc6f30b2901d}.Debug|Any CPU.ActiveCfg = Debug|Any CPU
		{a96f5ffc-37bd-8fc8-b7a4-dc6f30b2901d}.Debug|Any CPU.Build.0 = Debug|Any CPU
		{29ea3558-895c-3d09-0232-02517732a0e1}.Debug|Any CPU.ActiveCfg = Debug|Any CPU
		{29ea3558-895c-3d09-0232-02517732a0e1}.Debug|Any CPU.Build.0 = Debug|Any CPU
		{8da5c3dd-d0c8-40ff-3768-0599ab01d144}.Debug|Any CPU.ActiveCfg = Debug|Any CPU
		{8da5c3dd-d0c8-40ff-3768-0599ab01d144}.Debug|Any CPU.Build.0 = Debug|Any CPU
		{c4ba20f5-b560-dd07-1143-3230b9e9199e}.Debug|Any CPU.ActiveCfg = Debug|Any CPU
		{c4ba20f5-b560-dd07-1143-3230b9e9199e}.Debug|Any CPU.Build.0 = Debug|Any CPU
		{3a09e619-4991-7611-3e87-7dd57493752d}.Debug|Any CPU.ActiveCfg = Debug|Any CPU
		{3a09e619-4991-7611-3e87-7dd57493752d}.Debug|Any CPU.Build.0 = Debug|Any CPU
		{6cc38c02-58e5-8a86-bff0-28b1d9c244c9}.Debug|Any CPU.ActiveCfg = Debug|Any CPU
		{6cc38c02-58e5-8a86-bff0-28b1d9c244c9}.Debug|Any CPU.Build.0 = Debug|Any CPU
		{fd02e72d-3b19-8e41-0637-eacbf4d73384}.Debug|Any CPU.ActiveCfg = Debug|Any CPU
		{fd02e72d-3b19-8e41-0637-eacbf4d73384}.Debug|Any CPU.Build.0 = Debug|Any CPU
		{a2dd4819-2033-6d45-69d5-f61d6c2c32a6}.Debug|Any CPU.ActiveCfg = Debug|Any CPU
		{a2dd4819-2033-6d45-69d5-f61d6c2c32a6}.Debug|Any CPU.Build.0 = Debug|Any CPU
		{9cbb7468-0cf0-b815-6018-415c2af263e3}.Debug|Any CPU.ActiveCfg = Debug|Any CPU
		{9cbb7468-0cf0-b815-6018-415c2af263e3}.Debug|Any CPU.Build.0 = Debug|Any CPU
		{e7e6a199-eb2a-fa2d-2697-9129050db254}.Debug|Any CPU.ActiveCfg = Debug|Any CPU
		{e7e6a199-eb2a-fa2d-2697-9129050db254}.Debug|Any CPU.Build.0 = Debug|Any CPU
		{6b7860c5-c3bf-7c66-c90c-f0e8ef18924c}.Debug|Any CPU.ActiveCfg = Debug|Any CPU
		{6b7860c5-c3bf-7c66-c90c-f0e8ef18924c}.Debug|Any CPU.Build.0 = Debug|Any CPU
		{ba90703d-b4d7-c59e-afbf-fd66022cf521}.Debug|Any CPU.ActiveCfg = Debug|Any CPU
		{ba90703d-b4d7-c59e-afbf-fd66022cf521}.Debug|Any CPU.Build.0 = Debug|Any CPU
		{4049d990-672b-8a81-48a9-c757ab85d92f}.Debug|Any CPU.ActiveCfg = Debug|Any CPU
		{4049d990-672b-8a81-48a9-c757ab85d92f}.Debug|Any CPU.Build.0 = Debug|Any CPU
		{9408d3bc-fa4c-2553-9ce8-25c25078e51b}.Debug|Any CPU.ActiveCfg = Debug|Any CPU
		{9408d3bc-fa4c-2553-9ce8-25c25078e51b}.Debug|Any CPU.Build.0 = Debug|Any CPU
		{b09615e5-a4c6-7a46-b1c8-82df0ebd00e2}.Debug|Any CPU.ActiveCfg = Debug|Any CPU
		{b09615e5-a4c6-7a46-b1c8-82df0ebd00e2}.Debug|Any CPU.Build.0 = Debug|Any CPU
		{55fb60e2-8301-a91a-dfda-eba2f371f24a}.Debug|Any CPU.ActiveCfg = Debug|Any CPU
		{55fb60e2-8301-a91a-dfda-eba2f371f24a}.Debug|Any CPU.Build.0 = Debug|Any CPU
		{2c1763a7-c32c-a3cd-90c2-b136634d3a97}.Debug|Any CPU.ActiveCfg = Debug|Any CPU
		{2c1763a7-c32c-a3cd-90c2-b136634d3a97}.Debug|Any CPU.Build.0 = Debug|Any CPU
		{2ab03869-dd58-ca75-025b-bd7343261fc2}.Debug|Any CPU.ActiveCfg = Debug|Any CPU
		{2ab03869-dd58-ca75-025b-bd7343261fc2}.Debug|Any CPU.Build.0 = Debug|Any CPU
		{ec8a8ddc-58d9-1d56-7baa-6f0fb9790474}.Debug|Any CPU.ActiveCfg = Debug|Any CPU
		{ec8a8ddc-58d9-1d56-7baa-6f0fb9790474}.Debug|Any CPU.Build.0 = Debug|Any CPU
		{65089aa4-8266-d7ed-af6f-51271ce3d748}.Debug|Any CPU.ActiveCfg = Debug|Any CPU
		{65089aa4-8266-d7ed-af6f-51271ce3d748}.Debug|Any CPU.Build.0 = Debug|Any CPU
		{6fa1cd19-a4a1-0d96-25eb-3d9ec4a252b4}.Debug|Any CPU.ActiveCfg = Debug|Any CPU
		{6fa1cd19-a4a1-0d96-25eb-3d9ec4a252b4}.Debug|Any CPU.Build.0 = Debug|Any CPU
		{1c151c76-646a-e6d2-27f7-eb949b598039}.Debug|Any CPU.ActiveCfg = Debug|Any CPU
		{1c151c76-646a-e6d2-27f7-eb949b598039}.Debug|Any CPU.Build.0 = Debug|Any CPU
		{e222265c-5a1c-6ff1-5d72-e66ea939b5af}.Debug|Any CPU.ActiveCfg = Debug|Any CPU
		{e222265c-5a1c-6ff1-5d72-e66ea939b5af}.Debug|Any CPU.Build.0 = Debug|Any CPU
		{d52817a9-64ff-6f55-36da-d452462d967a}.Debug|Any CPU.ActiveCfg = Debug|Any CPU
		{d52817a9-64ff-6f55-36da-d452462d967a}.Debug|Any CPU.Build.0 = Debug|Any CPU
		{6880fdf1-130d-f5f2-8680-6c409b19c75f}.Debug|Any CPU.ActiveCfg = Debug|Any CPU
		{6880fdf1-130d-f5f2-8680-6c409b19c75f}.Debug|Any CPU.Build.0 = Debug|Any CPU
		{8a425aa8-b1f2-0c88-8b40-7c4127199caf}.Debug|Any CPU.ActiveCfg = Debug|Any CPU
		{8a425aa8-b1f2-0c88-8b40-7c4127199caf}.Debug|Any CPU.Build.0 = Debug|Any CPU
		{1a5328a0-7d46-ec2e-3dfa-51175bdaa58d}.Debug|Any CPU.ActiveCfg = Debug|Any CPU
		{1a5328a0-7d46-ec2e-3dfa-51175bdaa58d}.Debug|Any CPU.Build.0 = Debug|Any CPU
		{f73e3db3-6215-65e1-635c-91bd1732ac59}.Debug|Any CPU.ActiveCfg = Debug|Any CPU
		{f73e3db3-6215-65e1-635c-91bd1732ac59}.Debug|Any CPU.Build.0 = Debug|Any CPU
		{310f90ff-b7d2-dabd-496f-fb7c4d0417d1}.Debug|Any CPU.ActiveCfg = Debug|Any CPU
		{310f90ff-b7d2-dabd-496f-fb7c4d0417d1}.Debug|Any CPU.Build.0 = Debug|Any CPU
		{0c8fdd2b-9bf7-bf42-0765-2d90c8265235}.Debug|Any CPU.ActiveCfg = Debug|Any CPU
		{0c8fdd2b-9bf7-bf42-0765-2d90c8265235}.Debug|Any CPU.Build.0 = Debug|Any CPU
		{c1d1ec2c-d1f9-5aa1-b825-83afc949a68e}.Debug|Any CPU.ActiveCfg = Debug|Any CPU
		{c1d1ec2c-d1f9-5aa1-b825-83afc949a68e}.Debug|Any CPU.Build.0 = Debug|Any CPU
		{e5e02491-f462-dc8f-bf6a-58c0511da9d5}.Debug|Any CPU.ActiveCfg = Debug|Any CPU
		{e5e02491-f462-dc8f-bf6a-58c0511da9d5}.Debug|Any CPU.Build.0 = Debug|Any CPU
		{ae4e20ec-6ab1-8483-c256-4c6c4914438b}.Debug|Any CPU.ActiveCfg = Debug|Any CPU
		{ae4e20ec-6ab1-8483-c256-4c6c4914438b}.Debug|Any CPU.Build.0 = Debug|Any CPU
		{05de6972-f678-9f95-bebc-ad1510d0862c}.Debug|Any CPU.ActiveCfg = Debug|Any CPU
		{05de6972-f678-9f95-bebc-ad1510d0862c}.Debug|Any CPU.Build.0 = Debug|Any CPU
		{67b8dd73-6e04-7c74-8242-eaf3a33eb6ab}.Debug|Any CPU.ActiveCfg = Debug|Any CPU
		{67b8dd73-6e04-7c74-8242-eaf3a33eb6ab}.Debug|Any CPU.Build.0 = Debug|Any CPU
		{502a6275-c07e-83bd-dc8f-0aec4ae92701}.Debug|Any CPU.ActiveCfg = Debug|Any CPU
		{502a6275-c07e-83bd-dc8f-0aec4ae92701}.Debug|Any CPU.Build.0 = Debug|Any CPU
		{08c167d3-9568-a915-cc6f-4fedb5bc52a5}.Debug|Any CPU.ActiveCfg = Debug|Any CPU
		{08c167d3-9568-a915-cc6f-4fedb5bc52a5}.Debug|Any CPU.Build.0 = Debug|Any CPU
		{04f2a1f0-2b3b-42a7-2097-370308dcf69d}.Debug|Any CPU.ActiveCfg = Debug|Any CPU
		{04f2a1f0-2b3b-42a7-2097-370308dcf69d}.Debug|Any CPU.Build.0 = Debug|Any CPU
		{ea69cd0b-cb2a-5e4a-0dcb-f090377d6b4f}.Debug|Any CPU.ActiveCfg = Debug|Any CPU
		{ea69cd0b-cb2a-5e4a-0dcb-f090377d6b4f}.Debug|Any CPU.Build.0 = Debug|Any CPU
		{03ad8949-a0ab-689d-d48f-55a5d6c1cbe7}.Debug|Any CPU.ActiveCfg = Debug|Any CPU
		{03ad8949-a0ab-689d-d48f-55a5d6c1cbe7}.Debug|Any CPU.Build.0 = Debug|Any CPU
		{9b8cae94-b5d1-40e2-8326-23cf17d25396}.Debug|Any CPU.ActiveCfg = Debug|Any CPU
		{9b8cae94-b5d1-40e2-8326-23cf17d25396}.Debug|Any CPU.Build.0 = Debug|Any CPU
		{70f56a78-4f5d-f372-efae-bc453519cb32}.Debug|Any CPU.ActiveCfg = Debug|Any CPU
		{70f56a78-4f5d-f372-efae-bc453519cb32}.Debug|Any CPU.Build.0 = Debug|Any CPU
		{fad60104-d435-bdcb-524f-0180ed6ef28e}.Debug|Any CPU.ActiveCfg = Debug|Any CPU
		{fad60104-d435-bdcb-524f-0180ed6ef28e}.Debug|Any CPU.Build.0 = Debug|Any CPU
		{9372246e-7629-1ae7-e8eb-2b880d5bc802}.Debug|Any CPU.ActiveCfg = Debug|Any CPU
		{9372246e-7629-1ae7-e8eb-2b880d5bc802}.Debug|Any CPU.Build.0 = Debug|Any CPU
		{436a8b32-40e1-7482-e99a-eac1c1a6a034}.Debug|Any CPU.ActiveCfg = Debug|Any CPU
		{436a8b32-40e1-7482-e99a-eac1c1a6a034}.Debug|Any CPU.Build.0 = Debug|Any CPU
		{d55f5fa0-6797-b9b9-6b1a-0fc83c291efb}.Debug|Any CPU.ActiveCfg = Debug|Any CPU
		{d55f5fa0-6797-b9b9-6b1a-0fc83c291efb}.Debug|Any CPU.Build.0 = Debug|Any CPU
		{c6bf2fa7-06cc-fc83-1a75-94213176ec30}.Debug|Any CPU.ActiveCfg = Debug|Any CPU
		{c6bf2fa7-06cc-fc83-1a75-94213176ec30}.Debug|Any CPU.Build.0 = Debug|Any CPU
		{ea80cf0e-03c3-0a16-9fb2-01ae03600fe8}.Debug|Any CPU.ActiveCfg = Debug|Any CPU
		{ea80cf0e-03c3-0a16-9fb2-01ae03600fe8}.Debug|Any CPU.Build.0 = Debug|Any CPU
		{1c068d4e-f251-c4f8-e594-06677fa7ce24}.Debug|Any CPU.ActiveCfg = Debug|Any CPU
		{1c068d4e-f251-c4f8-e594-06677fa7ce24}.Debug|Any CPU.Build.0 = Debug|Any CPU
		{12f34914-7008-e33d-96f6-44fbfd659a60}.Debug|Any CPU.ActiveCfg = Debug|Any CPU
		{12f34914-7008-e33d-96f6-44fbfd659a60}.Debug|Any CPU.Build.0 = Debug|Any CPU
		{872b235a-6415-b9ad-d295-98aace8af093}.Debug|Any CPU.ActiveCfg = Debug|Any CPU
		{872b235a-6415-b9ad-d295-98aace8af093}.Debug|Any CPU.Build.0 = Debug|Any CPU
		{a831a1fa-85a0-c1b2-b3c8-3b79fc64d39c}.Debug|Any CPU.ActiveCfg = Debug|Any CPU
		{a831a1fa-85a0-c1b2-b3c8-3b79fc64d39c}.Debug|Any CPU.Build.0 = Debug|Any CPU
		{8a3483cd-1c8d-510c-3fb5-964ba8436951}.Debug|Any CPU.ActiveCfg = Debug|Any CPU
		{8a3483cd-1c8d-510c-3fb5-964ba8436951}.Debug|Any CPU.Build.0 = Debug|Any CPU
		{29a5f6b5-aa78-30be-fa55-252ba029f4a7}.Debug|Any CPU.ActiveCfg = Debug|Any CPU
		{29a5f6b5-aa78-30be-fa55-252ba029f4a7}.Debug|Any CPU.Build.0 = Debug|Any CPU
		{6d24565f-49dc-a9cf-e0cb-7b4ed7999432}.Debug|Any CPU.ActiveCfg = Debug|Any CPU
		{6d24565f-49dc-a9cf-e0cb-7b4ed7999432}.Debug|Any CPU.Build.0 = Debug|Any CPU
		{ebeb5ab2-fe2a-7d78-cfca-1e12648f559e}.Debug|Any CPU.ActiveCfg = Debug|Any CPU
		{ebeb5ab2-fe2a-7d78-cfca-1e12648f559e}.Debug|Any CPU.Build.0 = Debug|Any CPU
		{c5a44c28-4176-9529-2b4d-aba7f36e33ae}.Debug|Any CPU.ActiveCfg = Debug|Any CPU
		{c5a44c28-4176-9529-2b4d-aba7f36e33ae}.Debug|Any CPU.Build.0 = Debug|Any CPU
		{a9bc4632-4c81-ba69-95c0-9ecef0f4a647}.Debug|Any CPU.ActiveCfg = Debug|Any CPU
		{a9bc4632-4c81-ba69-95c0-9ecef0f4a647}.Debug|Any CPU.Build.0 = Debug|Any CPU
		{1185b54e-4fc2-54ec-ed30-f6c0af4688e0}.Debug|Any CPU.ActiveCfg = Debug|Any CPU
		{1185b54e-4fc2-54ec-ed30-f6c0af4688e0}.Debug|Any CPU.Build.0 = Debug|Any CPU
		{da13b66f-0c7e-0723-6e9a-55a8bc99fc7c}.Debug|Any CPU.ActiveCfg = Debug|Any CPU
		{da13b66f-0c7e-0723-6e9a-55a8bc99fc7c}.Debug|Any CPU.Build.0 = Debug|Any CPU
		{2c96f715-d176-f742-99e9-704fcbc1f0c1}.Debug|Any CPU.ActiveCfg = Debug|Any CPU
		{2c96f715-d176-f742-99e9-704fcbc1f0c1}.Debug|Any CPU.Build.0 = Debug|Any CPU
		{ff8192d7-5a21-9871-7162-b73c825dc3ca}.Debug|Any CPU.ActiveCfg = Debug|Any CPU
		{ff8192d7-5a21-9871-7162-b73c825dc3ca}.Debug|Any CPU.Build.0 = Debug|Any CPU
		{7c49eb54-58db-a02f-08ab-d1427850d71f}.Debug|Any CPU.ActiveCfg = Debug|Any CPU
		{7c49eb54-58db-a02f-08ab-d1427850d71f}.Debug|Any CPU.Build.0 = Debug|Any CPU
		{c8013cda-68eb-48db-b3b7-fabd6eff05ac}.Debug|Any CPU.ActiveCfg = Debug|Any CPU
		{c8013cda-68eb-48db-b3b7-fabd6eff05ac}.Debug|Any CPU.Build.0 = Debug|Any CPU
		{ecc0521e-adde-7845-9c9b-a6e9ddec9b50}.Debug|Any CPU.ActiveCfg = Debug|Any CPU
		{ecc0521e-adde-7845-9c9b-a6e9ddec9b50}.Debug|Any CPU.Build.0 = Debug|Any CPU
		{76a4eaeb-2eed-f4cb-3c4c-bb3b2f178e5f}.Debug|Any CPU.ActiveCfg = Debug|Any CPU
		{76a4eaeb-2eed-f4cb-3c4c-bb3b2f178e5f}.Debug|Any CPU.Build.0 = Debug|Any CPU
		{3a305ba7-64db-59d7-0194-e85103b42a1a}.Debug|Any CPU.ActiveCfg = Debug|Any CPU
		{3a305ba7-64db-59d7-0194-e85103b42a1a}.Debug|Any CPU.Build.0 = Debug|Any CPU
		{afb7b11c-e311-7150-e7fb-86484c554bae}.Debug|Any CPU.ActiveCfg = Debug|Any CPU
		{afb7b11c-e311-7150-e7fb-86484c554bae}.Debug|Any CPU.Build.0 = Debug|Any CPU
		{e98a23b9-b77c-8480-7fec-ba3b61e3f01e}.Debug|Any CPU.ActiveCfg = Debug|Any CPU
		{e98a23b9-b77c-8480-7fec-ba3b61e3f01e}.Debug|Any CPU.Build.0 = Debug|Any CPU
		{c5d9828b-1bf0-2a21-299f-1a71f3320a17}.Debug|Any CPU.ActiveCfg = Debug|Any CPU
		{c5d9828b-1bf0-2a21-299f-1a71f3320a17}.Debug|Any CPU.Build.0 = Debug|Any CPU
		{6dc48b71-187b-e243-3b82-9bce5a4efd4a}.Debug|Any CPU.ActiveCfg = Debug|Any CPU
		{6dc48b71-187b-e243-3b82-9bce5a4efd4a}.Debug|Any CPU.Build.0 = Debug|Any CPU
		{18d6ffe2-f544-6e0d-3b4f-7005cec71a7f}.Debug|Any CPU.ActiveCfg = Debug|Any CPU
		{18d6ffe2-f544-6e0d-3b4f-7005cec71a7f}.Debug|Any CPU.Build.0 = Debug|Any CPU
		{9b890e35-c343-c38c-c08a-06f8bb24a5f4}.Debug|Any CPU.ActiveCfg = Debug|Any CPU
		{9b890e35-c343-c38c-c08a-06f8bb24a5f4}.Debug|Any CPU.Build.0 = Debug|Any CPU
		{9baac6da-f8b7-8104-0336-e81a881b4958}.Debug|Any CPU.ActiveCfg = Debug|Any CPU
		{9baac6da-f8b7-8104-0336-e81a881b4958}.Debug|Any CPU.Build.0 = Debug|Any CPU
		{9d657061-7a8c-d8d1-3fe4-65d5056323e1}.Debug|Any CPU.ActiveCfg = Debug|Any CPU
		{9d657061-7a8c-d8d1-3fe4-65d5056323e1}.Debug|Any CPU.Build.0 = Debug|Any CPU
	EndGlobalSection
	GlobalSection(SolutionProperties) = preSolution
		HideSolutionNode = FALSE
	EndGlobalSection
EndGlobal
